
Microsoft Visual Studio Solution File, Format Version 12.00
# Visual Studio Version 17
VisualStudioVersion = 17.10.34916.146
MinimumVisualStudioVersion = 10.0.40219.1
Project("{FAE04EC0-301F-11D3-BF4B-00C04F79EFBC}") = "BusinessObjects", "BusinessObjects\BusinessObjects.csproj", "{2DC6A68A-57DD-47E5-A846-D9AB54CF8560}"
EndProject
Project("{FAE04EC0-301F-11D3-BF4B-00C04F79EFBC}") = "DataAccessObjects", "DataAccessObjects\DataAccessObjects.csproj", "{53EB241A-3358-4CAC-9224-3DA459422E16}"
EndProject
Project("{FAE04EC0-301F-11D3-BF4B-00C04F79EFBC}") = "Repositories", "Repositories\Repositories.csproj", "{55B61854-E8E8-4616-AB08-54A833E1ADC8}"
EndProject
Project("{FAE04EC0-301F-11D3-BF4B-00C04F79EFBC}") = "PRNApp", "PRNApp\PRNApp.csproj", "{77498352-5CD7-4A74-85D8-FD67113789C3}"
EndProject
Global
	GlobalSection(SolutionConfigurationPlatforms) = preSolution
		Debug|Any CPU = Debug|Any CPU
		Release|Any CPU = Release|Any CPU
	EndGlobalSection
	GlobalSection(ProjectConfigurationPlatforms) = postSolution
		{2DC6A68A-57DD-47E5-A846-D9AB54CF8560}.Debug|Any CPU.ActiveCfg = Debug|Any CPU
		{2DC6A68A-57DD-47E5-A846-D9AB54CF8560}.Debug|Any CPU.Build.0 = Debug|Any CPU
		{2DC6A68A-57DD-47E5-A846-D9AB54CF8560}.Release|Any CPU.ActiveCfg = Release|Any CPU
		{2DC6A68A-57DD-47E5-A846-D9AB54CF8560}.Release|Any CPU.Build.0 = Release|Any CPU
		{53EB241A-3358-4CAC-9224-3DA459422E16}.Debug|Any CPU.ActiveCfg = Debug|Any CPU
		{53EB241A-3358-4CAC-9224-3DA459422E16}.Debug|Any CPU.Build.0 = Debug|Any CPU
		{53EB241A-3358-4CAC-9224-3DA459422E16}.Release|Any CPU.ActiveCfg = Release|Any CPU
		{53EB241A-3358-4CAC-9224-3DA459422E16}.Release|Any CPU.Build.0 = Release|Any CPU
		{55B61854-E8E8-4616-AB08-54A833E1ADC8}.Debug|Any CPU.ActiveCfg = Debug|Any CPU
		{55B61854-E8E8-4616-AB08-54A833E1ADC8}.Debug|Any CPU.Build.0 = Debug|Any CPU
		{55B61854-E8E8-4616-AB08-54A833E1ADC8}.Release|Any CPU.ActiveCfg = Release|Any CPU
		{55B61854-E8E8-4616-AB08-54A833E1ADC8}.Release|Any CPU.Build.0 = Release|Any CPU
		{77498352-5CD7-4A74-85D8-FD67113789C3}.Debug|Any CPU.ActiveCfg = Debug|Any CPU
		{77498352-5CD7-4A74-85D8-FD67113789C3}.Debug|Any CPU.Build.0 = Debug|Any CPU
		{77498352-5CD7-4A74-85D8-FD67113789C3}.Release|Any CPU.ActiveCfg = Release|Any CPU
		{77498352-5CD7-4A74-85D8-FD67113789C3}.Release|Any CPU.Build.0 = Release|Any CPU
	EndGlobalSection
	GlobalSection(SolutionProperties) = preSolution
		HideSolutionNode = FALSE
	EndGlobalSection
	GlobalSection(ExtensibilityGlobals) = postSolution
		SolutionGuid = {BE6EBCD6-50A7-4094-8B65-62DD615C5F91}
	EndGlobalSection
EndGlobal
